cloud.google.com/go v0.26.0 h1:e0WKqKTd5BnrG8aKH3J3h+QvEIQtSUcf2n5UZ5ZgLtQ=
cloud.google.com/go v0.26.0/go.mod h1:aQUYkXzVsufM+DwF1aE+0xfcU+56JwCaLick0ClmMTw=
github.com/Azure/azure-sdk-for-go v19.1.0+incompatible h1:ysqLW+tqZjJWOTE74heH/pDRbr4vlN3yV+dqQYgpyxw=
github.com/Azure/azure-sdk-for-go v19.1.0+incompatible/go.mod h1:9XXNKU+eRnpl9moKnB4QOLf1HestfXbmab5FXxiDBjc=
github.com/Azure/go-autorest v10.15.2+incompatible h1:oZpnRzZie83xGV5txbT1aa/7zpCPvURGhV6ThJij2bs=
github.com/Azure/go-autorest v10.15.2+incompatible/go.mod h1:r+4oMnoxhatjLLJ6zxSWATqVooLgysK6ZNox3g/xq24=
github.com/JamesClonk/vultr v0.0.0-20180101102256-fa1c0367800d h1:T/EEQOpv8wDSgM3TirtKaa1o0KqNfepoqqduXgUvNnc=
github.com/JamesClonk/vultr v0.0.0-20180101102256-fa1c0367800d/go.mod h1:k9Jhe7M4bxsOOTMtsXQ0Hj7R7vw0FW4Q4jVJrPis9a8=
github.com/OpenDNS/vegadns2client v0.0.0-20180418235048-a3fa4a771d87 h1:xPMsUicZ3iosVPSIP7bW5EcGUzjiiMl1OYTe14y/R24=
github.com/OpenDNS/vegadns2client v0.0.0-20180418235048-a3fa4a771d87/go.mod h1:iGLljf5n9GjT6kc0HBvyI1nOKnGQbNB66VzSNbK5iks=
github.com/akamai/AkamaiOPEN-edgegrid-golang v0.6.2 h1:mJmkJOVrYazepbLVbd/2op3pGtGx5Qm/w9lQXjEGpXc=
github.com/akamai/AkamaiOPEN-edgegrid-golang v0.6.2/go.mod h1:eXWHAoXwqXM7CFZpE8zdz9OVRk4G8BCR1mDwYvIyFsA=
github.com/aliyun/alibaba-cloud-sdk-go v0.0.0-20180828111155-cad214d7d71f h1:hinXH9rcBjRoIih5tl4f1BCbNjOmPJ2UnZwcYDhEHR0=
github.com/aliyun/alibaba-cloud-sdk-go v0.0.0-20180828111155-cad214d7d71f/go.mod h1:T9M45xf79ahXVelWoOBmH0y4aC1t5kXO5BxwyakgIGA=
github.com/aws/aws-sdk-go v1.15.23 h1:kOoboR2trlezdCoazZ0RXvJbM7YrOglDekarwdLP74c=
github.com/aws/aws-sdk-go v1.15.23/go.mod h1:mFuSZ37Z9YOHbQEwBWztmVzqXrEkub65tZoCYDt7FT0=
github.com/cloudflare/cloudflare-go v0.8.5 h1:k1iz+H2jIL8OnS+bGhNQ6GPldi7VCo2tuWmfQ4kMiDI=
github.com/cloudflare/cloudflare-go v0.8.5/go.mod h1:8KhU6K+zHUEWOSU++mEQYf7D9UZOcQcibUoSm6vCUz4=
github.com/cpu/goacmedns v0.0.0-20180701200144-565ecf2a84df h1:jgozwE/yDKNdM4QjlS1OOp4QEWKof/9xeWrEVo2iQCg=
github.com/cpu/goacmedns v0.0.0-20180701200144-565ecf2a84df/go.mod h1:sesf/pNnCYwUevQEQfEwY0Y3DydlQWSGZbaMElOWxok=
github.com/davecgh/go-spew v1.1.1 h1:vj9j/u1bqnvCEfJOwUhtlOARqs3+rkHYY13jYWTU97c=
github.com/davecgh/go-spew v1.1.1/go.mod h1:J7Y8YcW2NihsgmVo/mv3lAwl/skON4iLHjSsI+c5H38=
github.com/decker502/dnspod-go v0.0.0-20180416134550-83a3ba562b04 h1:deUJYiwGrb7hk3lTnqDtsXxMBmaFmzR2F5EFZUV5PRw=
github.com/decker502/dnspod-go v0.0.0-20180416134550-83a3ba562b04/go.mod h1:1xTEhqHsJ0UdTJTGBagkADAOwd/7ulfYdlQwJcqdSHs=
github.com/dgrijalva/jwt-go v3.2.0+incompatible h1:7qlOGliEKZXTDg6OTjfoBKDXWrumCAMpl/TFQ4/5kLM=
github.com/dgrijalva/jwt-go v3.2.0+incompatible/go.mod h1:E3ru+11k8xSBh+hMPgOLZmtrrCbhqsmaPHjLKYnJCaQ=
github.com/dimchansky/utfbom v1.0.0 h1:fGC2kkf4qOoKqZ4q7iIh+Vef4ubC1c38UDsEyZynZPc=
github.com/dimchansky/utfbom v1.0.0/go.mod h1:rO41eb7gLfo8SF1jd9F8HplJm1Fewwi4mQvIirEdv+8=
github.com/dnaeon/go-vcr v0.0.0-20180920040454-5637cf3d8a31 h1:Dzuw9GtbmllUqEcoHfScT9YpKFUssSiZ5PgZkIGf/YQ=
github.com/dnaeon/go-vcr v0.0.0-20180920040454-5637cf3d8a31/go.mod h1:aBB1+wY4s93YsC3HHjMBMrwTj2R9FHDzUr9KyGc8n1E=
github.com/dnsimple/dnsimple-go v0.0.0-20180703121714-35bcc6b47c20 h1:OiI6GRpFcN7zAO7K/4B7YY1gIDYxwctVCH3oyALwG9k=
github.com/dnsimple/dnsimple-go v0.0.0-20180703121714-35bcc6b47c20/go.mod h1:0FYu4qVNv/UcfZPNwa9zi68IkggJu3TIwM54D7rhmI4=
github.com/exoscale/egoscale v0.11.1 h1:J6wiadBkUogH2nagtyQzaj+9X0ywvDf1OMY/pw7rKHc=
github.com/exoscale/egoscale v0.11.1/go.mod h1:Ee3U4ZjSDpbbEc9VkQ/jttUU8USE8Nv7L3YzVi03Y1U=
github.com/fatih/structs v1.1.0 h1:Q7juDM0QtcnhCpeyLGQKyg4TOIghuNXrkL32pHAUMxo=
github.com/fatih/structs v1.1.0/go.mod h1:9NiDSp5zOcgEDl+j00MP/WkGVPOlPRLejGD8Ga6PJ7M=
github.com/fsnotify/fsnotify v1.4.7 h1:IXs+QLmnXW2CcXuY+8Mzv/fWEsPGWxqefPtCP5CnV9I=
github.com/fsnotify/fsnotify v1.4.7/go.mod h1:jwhsz4b93w/PPRr/qN1Yymfu8t87LnFCMoQvtojpjFo=
github.com/go-ini/ini v1.25.4/go.mod h1:ByCAeIL28uOIIG0E3PJtZPDL8WnHpFKFOtgjp+3Ies8=
github.com/go-ini/ini v1.38.2 h1:6Hl/z3p3iFkA0dlDfzYxuFuUGD+kaweypF6btsR2/Q4=
github.com/go-ini/ini v1.38.2/go.mod h1:ByCAeIL28uOIIG0E3PJtZPDL8WnHpFKFOtgjp+3Ies8=
github.com/golang/protobuf v1.2.0 h1:P3YflyNX/ehuJFLhxviNdFxQPkGK5cDcApsge1SqnvM=
github.com/golang/protobuf v1.2.0/go.mod h1:6lQm79b+lXiMfvg/cZm0SGofjICqVBUtrP5yJMmIC1U=
github.com/google/go-querystring v0.0.0-20170111101155-53e6ce116135 h1:zLTLjkaOFEFIOxY5BWLFLwh+cL8vOBW4XJ2aqLE/Tf0=
github.com/google/go-querystring v0.0.0-20170111101155-53e6ce116135/go.mod h1:odCYkC5MyYFN7vkCjXpyrEuKhc/BUO6wN/zVPAxq5ck=
github.com/google/uuid v1.0.0 h1:b4Gk+7WdP/d3HZH8EJsZpvV7EtDOgaZLtnaNGIu1adA=
github.com/google/uuid v1.0.0/go.mod h1:TIyPZe4MgqvfeYDBFedMoGGpEw/LqOeaOT+nhxU+yHo=
github.com/gopherjs/gopherjs v0.0.0-20181103185306-d547d1d9531e h1:JKmoR8x90Iww1ks85zJ1lfDGgIiMDuIptTOhJq+zKyg=
github.com/gopherjs/gopherjs v0.0.0-20181103185306-d547d1d9531e/go.mod h1:wJfORRmW1u3UXTncJ5qlYoELFm8eSnnEO6hX4iZ3EWY=
github.com/h2non/gock v1.0.11 h1:oBecVNc5BAdoNW19NoMfkxjlIaTV9xzfc4o/j1TDwFs=
github.com/h2non/gock v1.0.11/go.mod h1:CZMcB0Lg5IWnr9bF79pPMg9WeV6WumxQiUJ1UvdO1iE=
github.com/hpcloud/tail v1.0.0 h1:nfCOvKYfkgYP8hkirhJocXT2+zOD8yUNjXaWfTlyFKI=
github.com/hpcloud/tail v1.0.0/go.mod h1:ab1qPbhIpdTxEkNHXyeSf5vhxWSCs/tWer42PpOxQnU=
github.com/iij/doapi v0.0.0-20180911005243-8803795a9b7b h1:FggChB6PC8OugG7sAlG2oueeXlljdNDQTpVdOYxHDQo=
github.com/iij/doapi v0.0.0-20180911005243-8803795a9b7b/go.mod h1:QMZY7/J/KSQEhKWFeDesPjMj+wCHReeknARU3wqlyN4=
github.com/jmespath/go-jmespath v0.0.0-20160202185014-0b12d6b521d8 h1:12VvqtR6Aowv3l/EQUlocDHW2Cp4G9WJVH7uyH8QFJE=
github.com/jmespath/go-jmespath v0.0.0-20160202185014-0b12d6b521d8/go.mod h1:Nht3zPeWKUH0NzdCt2Blrr5ys8VGpn0CEB0cQHVjt7k=
github.com/json-iterator/go v1.1.5 h1:gL2yXlmiIo4+t+y32d4WGwOjKGYcGOuyrg46vadswDE=
github.com/json-iterator/go v1.1.5/go.mod h1:+SdeFBvtyEkXs7REEP0seUULqWtbJapLOCVDaaPEHmU=
github.com/jtolds/gls v4.2.1+incompatible h1:fSuqC+Gmlu6l/ZYAoZzx2pyucC8Xza35fpRVWLVmUEE=
github.com/jtolds/gls v4.2.1+incompatible/go.mod h1:QJZ7F/aHp+rZTRtaJ1ow/lLfFfVYBRgL+9YlvaHOwJU=
github.com/juju/ratelimit v1.0.1 h1:+7AIFJVQ0EQgq/K9+0Krm7m530Du7tIz0METWzN0RgY=
github.com/juju/ratelimit v1.0.1/go.mod h1:qapgC/Gy+xNh9UxzV13HGGl/6UXNN+ct+vwSgWNm/qk=
github.com/kolo/xmlrpc v0.0.0-20181023172212-16bdd962781d h1:Ai2G9HFG0t5IlYCvaJeLM7vT5TDGKhmZ8kIXolUrvy0=
github.com/kolo/xmlrpc v0.0.0-20181023172212-16bdd962781d/go.mod h1:o03bZfuBwAXHetKXuInt4S7omeXUu62/A845kiycsSQ=
github.com/kr/pretty v0.1.0 h1:L/CwN0zerZDmRFUapSPitk6f+Q3+0za1rQkzVuMiMFI=
github.com/kr/pretty v0.1.0/go.mod h1:dAy3ld7l9f0ibDNOQOHHMYYIIbhfbHSm3C4ZsoJORNo=
github.com/kr/pty v1.1.1/go.mod h1:pFQYn66WHrOpPYNljwOMqo10TkYh1fy3cYio2l3bCsQ=
github.com/kr/text v0.1.0 h1:45sCR5RtlFHMR4UwH9sdQ5TC8v0qDQCHnXt+kaKSTVE=
github.com/kr/text v0.1.0/go.mod h1:4Jbv+DJW3UT/LiOwJeYQe1efqtUx/iVham/4vfdArNI=
github.com/ldez/go-auroradns v0.0.0-20181107021640-532168a1e313 h1:r+fLKtJ4j2rij4NWVYIGO4coS9lXwcLHILJNLSNFhDY=
github.com/ldez/go-auroradns v0.0.0-20181107021640-532168a1e313/go.mod h1:rYVFf+IWLBOstIDDRj3WWdJ/DUvtsP+tZoNgnpEuBZo=
github.com/linode/linodego v0.5.2-0.20180916122319-6e819a4ba980 h1:5+0ZePV1ueUxeVQy+SxPqDvmtp+p2dZfnSqHPyEKTQw=
github.com/linode/linodego v0.5.2-0.20180916122319-6e819a4ba980/go.mod h1:ga11n3ivecUrPCHN0rANxKmfWBJVkOXfLMZinAbj2sY=
github.com/miekg/dns v1.0.8 h1:Zi8HNpze3NeRWH1PQV6O71YcvJRQ6j0lORO6DAEmAAI=
github.com/miekg/dns v1.0.8/go.mod h1:W1PPwlIAgtquWBMBEV9nkV9Cazfe8ScdGz/Lj7v3Nrg=
github.com/mitchellh/go-homedir v1.0.0 h1:vKb8ShqSby24Yrqr/yDYkuFz8d0WUjys40rvnGC8aR0=
github.com/mitchellh/go-homedir v1.0.0/go.mod h1:SfyaCUpYCn1Vlf4IUYiD9fPX4A5wJrkLzIz1N1q0pr0=
github.com/mitchellh/mapstructure v1.1.2 h1:fmNYVwqnSfB9mZU6OS2O6GsXM+wcskZDuKQzvN1EDeE=
github.com/mitchellh/mapstructure v1.1.2/go.mod h1:FVVH3fgwuzCH5S8UJGiWEs2h04kUh9fWfEaFds41c1Y=
github.com/modern-go/concurrent v0.0.0-20180306012644-bacd9c7ef1dd h1:TRLaZ9cD/w8PVh93nsPXa1VrQ6jlwL5oN8l14QlcNfg=
github.com/modern-go/concurrent v0.0.0-20180306012644-bacd9c7ef1dd/go.mod h1:6dJC0mAP4ikYIbvyc7fijjWJddQyLn8Ig3JB5CqoB9Q=
github.com/modern-go/reflect2 v0.0.0-20180701023420-4b7aa43c6742 h1:Esafd1046DLDQ0W1YjYsBW+p8U2u7vzgW2SQVmlNazg=
github.com/modern-go/reflect2 v0.0.0-20180701023420-4b7aa43c6742/go.mod h1:bx2lNnkwVCuqBIxFjflWJWanXIb3RllmbCylyMrvgv0=
github.com/namedotcom/go v0.0.0-20180403034216-08470befbe04 h1:o6uBwrhM5C8Ll3MAAxrQxRHEu7FkapwTuI2WmL1rw4g=
github.com/namedotcom/go v0.0.0-20180403034216-08470befbe04/go.mod h1:5sN+Lt1CaY4wsPvgQH/jsuJi4XO2ssZbdsIizr4CVC8=
github.com/nbio/st v0.0.0-20140626010706-e9e8d9816f32 h1:W6apQkHrMkS0Muv8G/TipAy/FJl/rCYT0+EuS8+Z0z4=
github.com/nbio/st v0.0.0-20140626010706-e9e8d9816f32/go.mod h1:9wM+0iRr9ahx58uYLpLIr5fm8diHn0JbqRycJi6w0Ms=
github.com/onsi/ginkgo v1.6.0 h1:Ix8l273rp3QzYgXSR+c8d1fTG7UPgYkOSELPhiY/YGw=
github.com/onsi/ginkgo v1.6.0/go.mod h1:lLunBs/Ym6LB5Z9jYTR76FiuTmxDTDusOGeTQH+WWjE=
github.com/onsi/gomega v1.4.2 h1:3mYCb7aPxS/RU7TI1y4rkEn1oKmPRjNJLNEXgw7MH2I=
github.com/onsi/gomega v1.4.2/go.mod h1:ex+gbHU/CVuBBDIJjb2X0qEXbFg53c61hWP/1CpauHY=
github.com/ovh/go-ovh v0.0.0-20180717143715-c3e61035ea66 h1:GUT+euf/rrEXRuGIRmvv+W2kIU9Hn6Q2Rh9odgAGjXY=
github.com/ovh/go-ovh v0.0.0-20180717143715-c3e61035ea66/go.mod h1:joRatxRJaZBsY3JAOEMcoOp05CnZzsx4scTxi95DHyQ=
github.com/pkg/errors v0.8.0 h1:WdK/asTD0HN+q6hsWO3/vpuAkAr+tw6aNJNDFFf0+qw=
github.com/pkg/errors v0.8.0/go.mod h1:bwawxfHBFNV+L2hUp1rHADufV3IMtnDRdf1r5NINEl0=
github.com/pmezard/go-difflib v1.0.0 h1:4DBwDE0NGyQoBHbLQYPwSUPoCMWR5BEzIk/f1lZbAQM=
github.com/pmezard/go-difflib v1.0.0/go.mod h1:iKH77koFhYxTK1pcRnkKkqfTogsbg7gZNVY4sRDYZ/4=
github.com/rainycape/memcache v0.0.0-20150622160815-1031fa0ce2f2 h1:dq90+d51/hQRaHEqRAsQ1rE/pC1GUS4sc2rCbbFsAIY=
github.com/rainycape/memcache v0.0.0-20150622160815-1031fa0ce2f2/go.mod h1:7tZKcyumwBO6qip7RNQ5r77yrssm9bfCowcLEBcU5IA=
github.com/sacloud/libsacloud v0.0.0-20180828090100-7afff3fbc0a3 h1:YSeNjkdwR2hNFcPt/1I+c+32k1NzD+3BH4oHTfR4uOA=
github.com/sacloud/libsacloud v0.0.0-20180828090100-7afff3fbc0a3/go.mod h1:38KOZgoTGJ4VsMlNlF7Bh3xLGQNpNLNzNJsdtYAqwgo=
github.com/satori/go.uuid v1.2.0 h1:0uYX9dsZ2yD7q2RtLRtPSdGDWzjeM3TbMJP9utgA0ww=
github.com/satori/go.uuid v1.2.0/go.mod h1:dA0hQrYB0VpLJoorglMZABFdXlWrHn1NEOzdhQKdks0=
github.com/sirupsen/logrus v1.0.6 h1:hcP1GmhGigz/O7h1WVUM5KklBp1JoNS9FggWKdj/j3s=
github.com/sirupsen/logrus v1.0.6/go.mod h1:pMByvHTf9Beacp5x1UXfOR9xyW/9antXMhjMPG0dEzc=
github.com/smartystreets/assertions v0.0.0-20180927180507-b2de0cb4f26d h1:zE9ykElWQ6/NYmHa3jpm/yHnI4xSofP+UP6SpjHcSeM=
github.com/smartystreets/assertions v0.0.0-20180927180507-b2de0cb4f26d/go.mod h1:OnSkiWE9lh6wB0YB77sQom3nweQdgAjqCqsofrRNTgc=
github.com/smartystreets/goconvey v0.0.0-20180222194500-ef6db91d284a h1:JSvGDIbmil4Ui/dDdFBExb7/cmkNjyX5F97oglmvCDo=
github.com/smartystreets/goconvey v0.0.0-20180222194500-ef6db91d284a/go.mod h1:XDJAKZRPZ1CvBcN2aX5YOUTYGHki24fSF0Iv48Ibg0s=
github.com/smueller18/goinwx v0.0.0-20181105141335-5d138389109e h1:/y3GfUt2KFdQXRKaeGiAw1zJ86n2qXqP9P+4N9b2vDQ=
github.com/smueller18/goinwx v0.0.0-20181105141335-5d138389109e/go.mod h1:NM0PC4UWnBHnXq1rKTJlvVbOU2lUOwo5dgD62RE1ANo=
github.com/stretchr/objx v0.1.1 h1:2vfRuCMp5sSVIDSqO8oNnWJq7mPa6KVP3iPIwFBuy8A=
github.com/stretchr/objx v0.1.1/go.mod h1:HFkY916IF+rwdDfMAkV7OtwuqBVzrE8GR6GFx+wExME=
github.com/stretchr/testify v1.2.2 h1:bSDNvY7ZPG5RlJ8otE/7V6gMiyenm9RtJ7IUVIAoJ1w=
github.com/stretchr/testify v1.2.2/go.mod h1:a8OnRcib4nhh0OaRAV+Yts87kKdq0PP7pXfy6kDkUVs=
github.com/timewasted/linode v0.0.0-20160829202747-37e84520dcf7 h1:CpHxIaZzVy26GqJn8ptRyto8fuoYOd1v0fXm9bG3wQ8=
github.com/timewasted/linode v0.0.0-20160829202747-37e84520dcf7/go.mod h1:imsgLplxEC/etjIhdr3dNzV3JeT27LbVu5pYWm0JCBY=
github.com/transip/gotransip v5.8.1+incompatible h1:ePlyll/xwgO5i3yfGcSphkGP86pd/3TELZDtYOn+1uo=
github.com/transip/gotransip v5.8.1+incompatible/go.mod h1:uacMoJVmrfOcscM4Bi5NVg708b7c6rz2oDTWqa7i2Ic=
github.com/urfave/cli v1.20.0 h1:fDqGv3UG/4jbVl/QkFwEdddtEDjh/5Ov6X+0B/3bPaw=
github.com/urfave/cli v1.20.0/go.mod h1:70zkFmudgCuE/ngEzBv17Jvp/497gISqfk5gWijbERA=
golang.org/x/crypto v0.0.0-20180820150726-614d502a4dac h1:7d7lG9fHOLdL6jZPtnV4LpI41SbohIJ1Atq7U991dMg=
golang.org/x/crypto v0.0.0-20180820150726-614d502a4dac/go.mod h1:6SG95UA2DQfeDnfUPMdvaQW0Q7yPrPDi9nlGo2tz2b4=
golang.org/x/net v0.0.0-20180906233101-161cd47e91fd/go.mod h1:mL1N/T3taQHkDXs73rZJwtUhF3w3ftmwwsq0BUmARs4=
golang.org/x/net v0.0.0-20181011144130-49bb7cea24b1 h1:Y/KGZSOdz/2r0WJ9Mkmz6NJBusp0kiNx1Cn82lzJQ6w=
golang.org/x/net v0.0.0-20181011144130-49bb7cea24b1/go.mod h1:mL1N/T3taQHkDXs73rZJwtUhF3w3ftmwwsq0BUmARs4=
golang.org/x/oauth2 v0.0.0-20180821212333-d2e6202438be h1:vEDujvNQGv4jgYKudGeI/+DAX4Jffq6hpD55MmoEvKs=
golang.org/x/oauth2 v0.0.0-20180821212333-d2e6202438be/go.mod h1:N/0e6XlmueqKjAGxoOufVs8QHGRruUQn6yWY3a++T0U=
golang.org/x/sync v0.0.0-20180314180146-1d60e4601c6f h1:wMNYb4v58l5UBM7MYRLPG6ZhfOqbKu7X5eyFl8ZhKvA=
golang.org/x/sync v0.0.0-20180314180146-1d60e4601c6f/go.mod h1:RxMgew5VJxzue5/jJTE5uejpjVlOe/izrB70Jof72aM=
golang.org/x/sys v0.0.0-20180909124046-d0be0721c37e h1:o3PsSEY8E4eXWkXrIP9YJALUkVZqzHJT5DOasTyn8Vs=
golang.org/x/sys v0.0.0-20180909124046-d0be0721c37e/go.mod h1:STP8DvDyc/dI5b8T5hshtkjS+E42TnysNCUPdjciGhY=
golang.org/x/text v0.3.0 h1:g61tztE5qeGQ89tm6NTjjM9VPIm088od1l6aSorWRWg=
golang.org/x/text v0.3.0/go.mod h1:NqM8EUOU14njkJ3fqMW+pc6Ldnwhi/IjpwHt7yyuwOQ=
golang.org/x/time v0.0.0-20180412165947-fbb02b2291d2 h1:+DCIGbF/swA92ohVg0//6X2IVY3KZs6p9mix0ziNYJM=
golang.org/x/time v0.0.0-20180412165947-fbb02b2291d2/go.mod h1:tRJNPiyCQ0inRvYxbN9jk5I+vvW/OXSQhTDSoE431IQ=
google.golang.org/api v0.0.0-20180829000535-087779f1d2c9 h1:z1TeLUmxf9ws9KLICfmX+KGXTs+rjm+aGWzfsv7MZ9w=
google.golang.org/api v0.0.0-20180829000535-087779f1d2c9/go.mod h1:4mhQ8q/RsB7i+udVvVy5NUi08OU8ZlA0gRVgrF7VFY0=
google.golang.org/appengine v1.1.0 h1:igQkv0AAhEIvTEpD5LIpAfav2eeVO9HBTjvKHVJPRSs=
google.golang.org/appengine v1.1.0/go.mod h1:EbEs0AVv82hx2wNQdGPgUI5lhzA/G0D9YwlJXL52JkM=
gopkg.in/airbrake/gobrake.v2 v2.0.9 h1:7z2uVWwn7oVeeugY1DtlPAy5H+KYgB1KeKTnqjNatLo=
gopkg.in/airbrake/gobrake.v2 v2.0.9/go.mod h1:/h5ZAUhDkGaJfjzjKLSjv6zCL6O0LLBxU4K+aSYdM/U=
gopkg.in/check.v1 v0.0.0-20161208181325-20d25e280405/go.mod h1:Co6ibVJAznAaIkqp8huTwlJQCZ016jof/cbN4VW5Yz0=
gopkg.in/check.v1 v1.0.0-20180628173108-788fd7840127 h1:qIbj1fsPNlZgppZ+VLlY7N33q108Sa+fhmuc+sWQYwY=
gopkg.in/check.v1 v1.0.0-20180628173108-788fd7840127/go.mod h1:Co6ibVJAznAaIkqp8huTwlJQCZ016jof/cbN4VW5Yz0=
gopkg.in/fsnotify.v1 v1.4.7 h1:xOHLXZwVvI9hhs+cLKq5+I5onOuwQLhQwiu63xxlHs4=
gopkg.in/fsnotify.v1 v1.4.7/go.mod h1:Tz8NjZHkW78fSQdbUxIjBTcgA1z1m8ZHf0WmKUhAMys=
gopkg.in/gemnasium/logrus-airbrake-hook.v2 v2.1.2 h1:OAj3g0cR6Dx/R07QgQe8wkA9RNjB2u4i700xBkIT4e0=
gopkg.in/gemnasium/logrus-airbrake-hook.v2 v2.1.2/go.mod h1:Xk6kEKp8OKb+X14hQBKWaSkCsqBpgog8nAV2xsGOxlo=
gopkg.in/ini.v1 v1.38.2 h1:dGcbywv4RufeGeiMycPT/plKB5FtmLKLnWKwBiLhUA4=
gopkg.in/ini.v1 v1.38.2/go.mod h1:pNLf8WUiyNEtQjuu5G5vTm06TEv9tsIgeAvK8hOrP4k=
gopkg.in/ns1/ns1-go.v2 v2.0.0-20180828122412-028658c6d9be h1:g8KJ93aIIzIu2yQV0iwydfkJezDWIpkVmAJocv7xJWI=
gopkg.in/ns1/ns1-go.v2 v2.0.0-20180828122412-028658c6d9be/go.mod h1:VV+3haRsgDiVLxyifmMBrBIuCWFBPYKbRssXB9z67Hw=
gopkg.in/resty.v1 v1.10.1 h1:8ES+C4z05zrZ/UNEu5YwU3MjpAQhOQCEXfCAuOcdVFo=
gopkg.in/resty.v1 v1.10.1/go.mod h1:nrgQYbPhkRfn2BfT32NNTLfq3K9NuHRB0MsAcA9weWY=
gopkg.in/square/go-jose.v2 v2.1.8 h1:yECBkTX7ypNaRFILw4trAAYXRLvcGxTeHCBKj/fc8gU=
gopkg.in/square/go-jose.v2 v2.1.8/go.mod h1:M9dMgbHiYLoDGQrXy7OpJDJWiKiU//h+vD76mk0e1AI=
gopkg.in/tomb.v1 v1.0.0-20141024135613-dd632973f1e7 h1:uRGJdciOHaEIrze2W8Q3AKkepLTh2hOroT7a+7czfdQ=
gopkg.in/tomb.v1 v1.0.0-20141024135613-dd632973f1e7/go.mod h1:dt/ZhP58zS4L8KSrWDmTeBkI65Dw0HsyUHuEVlX15mw=
gopkg.in/yaml.v2 v2.2.1 h1:mUhvW9EsL+naU5Q3cakzfE91YhliOondGd6ZrsDBHQE=
gopkg.in/yaml.v2 v2.2.1/go.mod h1:hI93XBmqTisBFMUTm0b8Fm+jr3Dg1NNxqwp+5A1VGuI=
