# This file is autogenerated, do not edit; changes may be undone by the next 'dep ensure'.


[[projects]]
  digest = "1:5c3894b2aa4d6bead0ceeea6831b305d62879c871780e7b76296ded1b004bc57"
  name = "cloud.google.com/go"
  packages = ["compute/metadata"]
  pruneopts = "NUT"
  revision = "64a2037ec6be8a4b0c1d1f706ed35b428b989239"
  version = "v0.26.0"

[[projects]]
  digest = "1:3fb854fc35fafced21615a93db3c0e324c8cb1d5a89f39dd1e72db0c4200345a"
  name = "contrib.go.opencensus.io/exporter/ocagent"
  packages = ["."]
  pruneopts = "NUT"
  revision = "dcb33c7f3b7cfe67e8a2cea10207ede1b7c40764"
  version = "v0.4.12"

[[projects]]
  digest = "1:387c36a55aa52170ad77c92b1f9a77a2718ecb41c2fdf0a910a5ed2b940b6149"
  name = "github.com/Azure/azure-sdk-for-go"
  packages = [
    "services/dns/mgmt/2017-09-01/dns",
    "version",
  ]
  pruneopts = "NUT"
  revision = "66cf3bc60d4d086e8e566d505b1cd30f5f506639"
  version = "v31.0.0"

[[projects]]
  digest = "1:902fe8d968778bd0c0150408f658b56c9951fb6fd677ab0c148eeac3fc053340"
  name = "github.com/Azure/go-autorest"
  packages = [
    "autorest",
    "autorest/adal",
    "autorest/azure",
    "autorest/azure/auth",
    "autorest/azure/cli",
    "autorest/date",
    "autorest/to",
    "autorest/validation",
    "logger",
    "tracing",
  ]
  pruneopts = "NUT"
  revision = "09205e8f6711a776499a14cf8adc6bd380db5d81"
  version = "v12.2.0"

[[projects]]
  digest = "1:5d72bbcc9c8667b11c3dc3cbe681c5a6f71e5096744c0bf7726ab5c6425d5dc4"
  name = "github.com/BurntSushi/toml"
  packages = ["."]
  pruneopts = "NUT"
  revision = "3012a1dbe2e4bd1391d42b32f0577cb7bbc7f005"
  version = "v0.3.1"

[[projects]]
  branch = "master"
  digest = "1:a4068a93355ba3cff0a719425713123d23c90010cb4d023b40c679a22465736d"
  name = "github.com/OpenDNS/vegadns2client"
  packages = ["."]
  pruneopts = "NUT"
  revision = "a3fa4a771d87bda2514a90a157e1fed1b6897d2e"

[[projects]]
  digest = "1:dddee1f9ce7caecc95ae089c721a65ed42b35f8cc8a8b8a3ee6e3758ec93ec4b"
  name = "github.com/akamai/AkamaiOPEN-edgegrid-golang"
  packages = [
    "client-v1",
    "configdns-v1",
    "edgegrid",
    "jsonhooks-v1",
  ]
  pruneopts = "NUT"
  revision = "009960c8b2c7c57a0c5c488a3c8c778c16f3f586"
  version = "v0.7.4"

[[projects]]
  digest = "1:328d829ec0e36017fc18c65b8eaf258021b90e7ff294412b3dc9a315ee04b68a"
  name = "github.com/aliyun/alibaba-cloud-sdk-go"
  packages = [
    "sdk",
    "sdk/auth",
    "sdk/auth/credentials",
    "sdk/auth/credentials/provider",
    "sdk/auth/signers",
    "sdk/endpoints",
    "sdk/errors",
    "sdk/requests",
    "sdk/responses",
    "sdk/utils",
    "services/alidns",
  ]
  pruneopts = "NUT"
  revision = "133cfe6c309b3d61b38d7076a852f155619d48ff"
  version = "1.60.57"

[[projects]]
  digest = "1:2103f1d7935e7569064e90e59b071dd7bc65a1aeb2014688a23465eaf30848c7"
  name = "github.com/aws/aws-sdk-go"
  packages = [
    "aws",
    "aws/awserr",
    "aws/awsutil",
    "aws/client",
    "aws/client/metadata",
    "aws/corehandlers",
    "aws/credentials",
    "aws/credentials/ec2rolecreds",
    "aws/credentials/endpointcreds",
    "aws/credentials/processcreds",
    "aws/credentials/stscreds",
    "aws/csm",
    "aws/defaults",
    "aws/ec2metadata",
    "aws/endpoints",
    "aws/request",
    "aws/session",
    "aws/signer/v4",
    "internal/ini",
    "internal/sdkio",
    "internal/sdkrand",
    "internal/sdkuri",
    "internal/shareddefaults",
    "private/protocol",
    "private/protocol/json/jsonutil",
    "private/protocol/jsonrpc",
    "private/protocol/query",
    "private/protocol/query/queryutil",
    "private/protocol/rest",
    "private/protocol/restxml",
    "private/protocol/xml/xmlutil",
    "service/lightsail",
    "service/route53",
    "service/sts",
  ]
  pruneopts = "NUT"
  revision = "06512ecac9db8f44189277d87f426e6dc53cc86b"
  version = "v1.20.14"

[[projects]]
  digest = "1:cdee563173093e5ae7ab2a19c298e0904129719e1919a3c532b7bb0c3398b818"
  name = "github.com/cenkalti/backoff"
  packages = ["."]
  pruneopts = "NUT"
  revision = "1e4cf3da559842a91afcb6ea6141451e6c30c618"
  version = "v2.1.1"

[[projects]]
  digest = "1:fdb4ed936abeecb46a8c27dcac83f75c05c87a46d9ec7711411eb785c213fa02"
  name = "github.com/census-instrumentation/opencensus-proto"
  packages = [
    "gen-go/agent/common/v1",
    "gen-go/agent/metrics/v1",
    "gen-go/agent/trace/v1",
    "gen-go/metrics/v1",
    "gen-go/resource/v1",
    "gen-go/trace/v1",
  ]
  pruneopts = "NUT"
  revision = "a105b96453fe85139acc07b68de48f2cbdd71249"
  version = "v0.2.0"

[[projects]]
  digest = "1:967f24bdc4ffbea9c4cca556caa446805257e64f6a2b1a5f4b69b32a7e888129"
  name = "github.com/cloudflare/cloudflare-go"
  packages = ["."]
  pruneopts = "NUT"
  revision = "33ef9f42e17f33f6088dfe8c0dc95b916d1edfc6"
  version = "v0.9.2"

[[projects]]
  branch = "master"
  digest = "1:2a7013a7e8cfec93dd725f95ea0c4b390d7d71f8a8bc3dbde05cfc9524ba5ea8"
  name = "github.com/cpu/goacmedns"
  packages = ["."]
  pruneopts = "NUT"
  revision = "565ecf2a84df654865cc102705ac160a3b04fc01"

[[projects]]
  digest = "1:ffe9824d294da03b391f44e1ae8281281b4afc1bdaa9588c9097785e3af10cec"
  name = "github.com/davecgh/go-spew"
  packages = ["spew"]
  pruneopts = "NUT"
  revision = "8991bc29aa16c548c550c7ff78260e27b9ab7c73"
  version = "v1.1.1"

[[projects]]
  digest = "1:fa62421bd924623ac10a160686cc55d529f7274b2caedf7d2c607d14bc50c118"
  name = "github.com/decker502/dnspod-go"
  packages = ["."]
  pruneopts = "NUT"
  revision = "71fbbdbdf1a7eeac949586de15bf96d416d3dd63"
  version = "v0.2.0"

[[projects]]
  digest = "1:7a6852b35eb5bbc184561443762d225116ae630c26a7c4d90546619f1e7d2ad2"
  name = "github.com/dgrijalva/jwt-go"
  packages = ["."]
  pruneopts = "NUT"
  revision = "06ea1031745cb8b3dab3f6a236daf2b0aa468b7e"
  version = "v3.2.0"

[[projects]]
  digest = "1:f9adc21a937e5da643ea14a3488cb7506788876737a5e205394e508627a6eec8"
  name = "github.com/dimchansky/utfbom"
  packages = ["."]
  pruneopts = "NUT"
  revision = "d2133a1ce379ef6fa992b0514a77146c60db9d1c"
  version = "v1.1.0"

[[projects]]
  digest = "1:d9688055094edd046a71ee85204ea97090ecce6f316b739be3a50f5ca6403ebb"
  name = "github.com/dnsimple/dnsimple-go"
  packages = ["dnsimple"]
  pruneopts = "NUT"
  revision = "7e193cc468a07cdf74d76de1e6736c709c5a3872"
  version = "v0.30.0"

[[projects]]
  digest = "1:efcc176c5cfbe8421dd3eb2562be91c3272e80f61b181e31d5745b7fee29a669"
  name = "github.com/exoscale/egoscale"
  packages = ["."]
  pruneopts = "NUT"
  revision = "8f608c40ae891e0240bb6e696a72437be7069d83"
  version = "v0.18.1"

[[projects]]
  digest = "1:aa3ed0a71c4e66e4ae6486bf97a3f4cab28edc78df2e50c5ad01dc7d91604b88"
  name = "github.com/fatih/structs"
  packages = ["."]
  pruneopts = "NUT"
  revision = "4966fc68f5b7593aafa6cbbba2d65ec6e1416047"
  version = "v1.1.0"

[[projects]]
  digest = "1:ea1d5bfdb4ec5c2ee48c97865e6de1a28fa8c4849a3f56b27d521aa619038e06"
  name = "github.com/go-errors/errors"
  packages = ["."]
  pruneopts = "NUT"
  revision = "a6af135bd4e28680facf08a3d206b454abc877a4"
  version = "v1.0.1"

[[projects]]
  digest = "1:74d9b0a7b4107b41e0ade759fac64502876f82d29fb23d77b3dd24b194ee3dd5"
  name = "github.com/go-ini/ini"
  packages = ["."]
  pruneopts = "NUT"
  revision = "5cf292cae48347c2490ac1a58fe36735fb78df7e"
  version = "v1.38.2"

[[projects]]
  digest = "1:bde9f189072512ba353f3641d4839cb4c9c7edf421e467f2c03f267b402bd16c"
  name = "github.com/gofrs/uuid"
  packages = ["."]
  pruneopts = "NUT"
  revision = "6b08a5c5172ba18946672b49749cde22873dd7c2"
  version = "v3.2.0"

[[projects]]
  digest = "1:27d8aff388ac8ea2d4057097ef4aad2f98a6a8796477213096160b72b6c87cf2"
  name = "github.com/golang/protobuf"
  packages = [
    "jsonpb",
    "proto",
    "protoc-gen-go/descriptor",
    "protoc-gen-go/generator",
    "protoc-gen-go/generator/internal/remap",
    "protoc-gen-go/plugin",
    "ptypes",
    "ptypes/any",
    "ptypes/duration",
    "ptypes/struct",
    "ptypes/timestamp",
    "ptypes/wrappers",
  ]
  pruneopts = "NUT"
  revision = "b5d812f8a3706043e23a9cd5babf2e5423744d30"
  version = "v1.3.1"

[[projects]]
  branch = "master"
  digest = "1:a63cff6b5d8b95638bfe300385d93b2a6d9d687734b863da8e09dc834510a690"
  name = "github.com/google/go-querystring"
  packages = ["query"]
  pruneopts = "NUT"
  revision = "53e6ce116135b80d037921a7fdd5138cf32d7a8a"

[[projects]]
  digest = "1:1bb197a3b5db4e06e00b7560f8e89836c486627f2a0338332ed37daa003d259e"
  name = "github.com/google/uuid"
  packages = ["."]
  pruneopts = "NUT"
  revision = "064e2069ce9c359c118179501254f67d7d37ba24"
  version = "0.2"

[[projects]]
  branch = "master"
  digest = "1:de9a3291ce7afad12af8b11f3e9972edca4b77ca1374eacd0c9fa1ff1bddcc7c"
  name = "github.com/gophercloud/gophercloud"
  packages = [
    ".",
    "openstack",
    "openstack/dns/v2/recordsets",
    "openstack/dns/v2/zones",
    "openstack/identity/v2/tenants",
    "openstack/identity/v2/tokens",
    "openstack/identity/v3/tokens",
    "openstack/utils",
    "pagination",
  ]
  pruneopts = "NUT"
  revision = "a2b0ad6ce68c8302027db1a5f9dbb03b0c8ab072"

[[projects]]
  digest = "1:960e8004095e3be6cff988becc8cc9ec1dc0e06887144ed46ff2da86e7c0efea"
  name = "github.com/grpc-ecosystem/grpc-gateway"
  packages = [
    "internal",
    "runtime",
    "utilities",
  ]
  pruneopts = "NUT"
  revision = "d54b3615f714b03edde6d9206fa0476a9169c966"
  version = "v1.9.3"

[[projects]]
  digest = "1:67474f760e9ac3799f740db2c489e6423a4cde45520673ec123ac831ad849cb8"
  name = "github.com/hashicorp/golang-lru"
  packages = ["simplelru"]
  pruneopts = "NUT"
  revision = "7087cb70de9f7a8bc0a10c375cb0d2280a8edf9c"
  version = "v0.5.1"

[[projects]]
  branch = "master"
  digest = "1:c45e4f1755487478216e06437e161d56299d963282ce109555091bc4c7a57343"
  name = "github.com/iij/doapi"
  packages = [
    ".",
    "protocol",
  ]
  pruneopts = "NUT"
  revision = "8803795a9b7b938fa88ddbd63a77893beee14cd8"

[[projects]]
  digest = "1:1f2aebae7e7c856562355ec0198d8ca2fa222fb05e5b1b66632a1fce39631885"
  name = "github.com/jmespath/go-jmespath"
  packages = ["."]
  pruneopts = "NUT"
  revision = "c2b33e84"

[[projects]]
  digest = "1:8e36686e8b139f8fe240c1d5cf3a145bc675c22ff8e707857cdd3ae17b00d728"
  name = "github.com/json-iterator/go"
  packages = ["."]
  pruneopts = "NUT"
  revision = "1624edc4454b8682399def8740d46db5e4362ba4"
  version = "v1.1.5"

[[projects]]
  branch = "master"
  digest = "1:ec142582cd3bb5cc29a2bc7181a6e67367b90b19f6a957ce506dcd7d1500bf95"
  name = "github.com/kolo/xmlrpc"
  packages = ["."]
  pruneopts = "NUT"
  revision = "16bdd962781df9696f40cc2bab924f1a855a7f89"

[[projects]]
  digest = "1:1082aeb059ff66b4fb6da53f9e7591726c6a81901f05ce48a470091784b23914"
  name = "github.com/labbsr0x/bindman-dns-webhook"
  packages = [
    "src/client",
    "src/types",
  ]
  pruneopts = "NUT"
  revision = "234ca2a50eebc2095f42a884709a6e9013366d86"
  version = "v1.0.0"

[[projects]]
  branch = "master"
  digest = "1:ad2a63b2d6dfe7d66bf14c01f1171a3951abef6e0fb136170359c3f7c4f51615"
  name = "github.com/labbsr0x/goh"
  packages = ["gohclient"]
  pruneopts = "NUT"
  revision = "8b16b4848295edda07b9a828e5a3b285c25c2b9c"

[[projects]]
  digest = "1:7981caf0d67995c0acbd352785f45b177a2d089ed40f2005794c0772d0fbfff9"
  name = "github.com/linode/linodego"
  packages = ["."]
  pruneopts = "NUT"
  revision = "7adba57685c129bcd29a9edc7008ec3b05680240"
  version = "v0.10.0"

[[projects]]
  digest = "1:7894d93b1bbb3ab412c9b4f2573accc5becbcce2516e1fe5a4d2da1825b2e369"
  name = "github.com/miekg/dns"
  packages = ["."]
  pruneopts = "NUT"
  revision = "b13675009d59c97f3721247d9efa8914e1866a5b"
  version = "v1.1.15"

[[projects]]
  digest = "1:a4df73029d2c42fabcb6b41e327d2f87e685284ec03edf76921c267d9cfc9c23"
  name = "github.com/mitchellh/go-homedir"
  packages = ["."]
  pruneopts = "NUT"
  revision = "ae18d6b8b3205b561c79e8e5f69bff09736185f4"
  version = "v1.0.0"

[[projects]]
  digest = "1:a45ae66dea4c899d79fceb116accfa1892105c251f0dcd9a217ddc276b42ec68"
  name = "github.com/mitchellh/mapstructure"
  packages = ["."]
  pruneopts = "NUT"
  revision = "3536a929edddb9a5b34bd6861dc4a9647cb459fe"
  version = "v1.1.2"

[[projects]]
  digest = "1:2f42fa12d6911c7b7659738758631bec870b7e9b4c6be5444f963cdcfccc191f"
  name = "github.com/modern-go/concurrent"
  packages = ["."]
  pruneopts = "NUT"
  revision = "bacd9c7ef1dd9b15be4a9909b8ac7a4e313eec94"
  version = "1.0.3"

[[projects]]
  digest = "1:c6aca19413b13dc59c220ad7430329e2ec454cc310bc6d8de2c7e2b93c18a0f6"
  name = "github.com/modern-go/reflect2"
  packages = ["."]
  pruneopts = "NUT"
  revision = "4b7aa43c6742a2c18fdef89dd197aaae7dac7ccd"
  version = "1.0.1"

[[projects]]
  branch = "master"
  digest = "1:9991da8d42da9b213f2890a05ecbe0fad7325ac216ca3bd6ae30921457971fa9"
  name = "github.com/namedotcom/go"
  packages = ["namecom"]
  pruneopts = "NUT"
  revision = "08470befbe04613bd4b44cb6978b05d50294c4d4"

[[projects]]
  digest = "1:417193ba917954c4837c6fc48c6ac241b3fefd13fc0889367b4a7e43b69d582c"
  name = "github.com/nrdcg/auroradns"
  packages = ["."]
  pruneopts = "NUT"
  revision = "750ca8603f9f2cca2457acb22ea6e44d3f05358c"
  version = "v1.0.0"

[[projects]]
  digest = "1:78bc7967454f8c2a1257b3fe4ed1d57227fb1dff46fd74d38b91bd0d0cc2620a"
  name = "github.com/nrdcg/goinwx"
  packages = ["."]
  pruneopts = "NUT"
  revision = "d8152159450570012552f924a0ae6ab3d8c617e0"
  version = "v0.6.0"

[[projects]]
  digest = "1:a1e8eda841bca324a6b4d88824d625b3ba8d86bf9ec68677d595c02d7502918b"
  name = "github.com/nrdcg/namesilo"
  packages = ["."]
  pruneopts = "NUT"
  revision = "a9d275011759a070d795b7d0ea99cc590915823f"
  version = "v0.2.0"

[[projects]]
  digest = "1:482e6a8662dcfd8dc7ebf28b8a1a293b6d453f71bda13e370b3949cb487e6dd6"
  name = "github.com/oracle/oci-go-sdk"
  packages = [
    "common",
    "dns",
  ]
  pruneopts = "NUT"
  revision = "481415e15d394fa0817faedceabb7c59e21133b8"
  version = "v5.13.0"

[[projects]]
  branch = "master"
  digest = "1:f703c1f05c29329026c4f49bd6c71442537e1f964d3a4f310982702a293f28c6"
  name = "github.com/ovh/go-ovh"
  packages = ["ovh"]
  pruneopts = "NUT"
  revision = "ba5adb4cf0148a3dbdbd30586f075266256a77b1"

[[projects]]
  digest = "1:5cf3f025cbee5951a4ee961de067c8a89fc95a5adabead774f82822efabab121"
  name = "github.com/pkg/errors"
  packages = ["."]
  pruneopts = "NUT"
  revision = "645ef00459ed84a119197bfb8d8205042c6df63d"
  version = "v0.8.0"

[[projects]]
  digest = "1:0028cb19b2e4c3112225cd871870f2d9cf49b9b4276531f03438a88e94be86fe"
  name = "github.com/pmezard/go-difflib"
  packages = ["difflib"]
  pruneopts = "NUT"
  revision = "792786c7400a136282c1664665ae0a8db921c6c2"
  version = "v1.0.0"

[[projects]]
  branch = "master"
  digest = "1:2f0021b2ea953c35cf412d8b7eb03c972a914c8f03c4119993377244cd6aa70b"
  name = "github.com/rainycape/memcache"
  packages = ["."]
  pruneopts = "NUT"
  revision = "1031fa0ce2f20c1c0e1e1b51951d8ea02c84fa05"

[[projects]]
  digest = "1:7ddc1fdd49e0e59eb618fd4af9b5802358178392d7dfefc18f7dd691e81f979f"
  name = "github.com/sacloud/libsacloud"
  packages = [
    ".",
    "api",
    "sacloud",
    "sacloud/ostype",
    "utils/mutexkv",
  ]
  pruneopts = "NUT"
  revision = "6fb0c01c45716a08d5438f6d85a2a8984cc8a0a8"
  version = "v1.25.1"

[[projects]]
  digest = "1:b2339e83ce9b5c4f79405f949429a7f68a9a904fed903c672aac1e7ceb7f5f02"
  name = "github.com/sirupsen/logrus"
  packages = ["."]
  pruneopts = "NUT"
  revision = "3e01752db0189b9157070a0e1668a620f9a85da2"
  version = "v1.0.6"

[[projects]]
  digest = "1:60a46e2410edbf02b419f833372dd1d24d7aa1b916a990a7370e792fada1eadd"
  name = "github.com/stretchr/objx"
  packages = ["."]
  pruneopts = "NUT"
  revision = "477a77ecc69700c7cdeb1fa9e129548e1c1c393c"
  version = "v0.1.1"

[[projects]]
  digest = "1:f1e5a94fc8fde9a67a97106d7d7d386ad0b938b41fde2b110e70447590aea6e7"
  name = "github.com/stretchr/testify"
  packages = [
    "assert",
    "mock",
    "require",
    "suite",
  ]
  pruneopts = "NUT"
  revision = "f35b8ab0b5a2cef36673838d662e249dd9c94686"
  version = "v1.2.2"

[[projects]]
  branch = "master"
  digest = "1:99ce99ce6d6d0cbc5f822cda92095906e01d5546d60999ac839ab008938e4e17"
  name = "github.com/timewasted/linode"
  packages = [
    ".",
    "dns",
  ]
  pruneopts = "NUT"
  revision = "37e84520dcf74488f67654f9c775b9752c232dc1"

[[projects]]
  digest = "1:4da573eeacb95c9452ae7ddc14b06148a99b29bf98522abb221ef9799426187c"
  name = "github.com/transip/gotransip"
  packages = [
    ".",
    "domain",
    "util",
  ]
  pruneopts = "NUT"
  revision = "efb64632cab7701ec33f1eaeaa738e2207efe68e"
  version = "v5.14"

[[projects]]
  digest = "1:5dba68a1600a235630e208cb7196b24e58fcbb77bb7a6bec08fcd23f081b0a58"
  name = "github.com/urfave/cli"
  packages = ["."]
  pruneopts = "NUT"
  revision = "cfb38830724cc34fedffe9a2a29fb54fa9169cd1"
  version = "v1.20.0"

[[projects]]
  digest = "1:b1d2c51a689eef501cb5726f8d9997c0ca4415cbfa7105fe6e64b1844eddf1fb"
  name = "github.com/vultr/govultr"
  packages = ["."]
  pruneopts = "NUT"
  revision = "ca447e056e08d93aa6e5b09e6ae3565dd1825281"
  version = "v0.1.4"

[[projects]]
  digest = "1:58f2854b50ff8862eb6a347f20dedaac83e1166f4040472e17bc37736841a12f"
  name = "go.opencensus.io"
  packages = [
    ".",
    "internal",
    "internal/tagencoding",
    "metric/metricdata",
    "metric/metricproducer",
    "plugin/ocgrpc",
    "plugin/ochttp",
    "plugin/ochttp/propagation/b3",
    "plugin/ochttp/propagation/tracecontext",
    "resource",
    "stats",
    "stats/internal",
    "stats/view",
    "tag",
    "trace",
    "trace/internal",
    "trace/propagation",
    "trace/tracestate",
  ]
  pruneopts = "NUT"
  revision = "43463a80402d8447b7fce0d2c58edf1687ff0b58"
  version = "v0.19.3"

[[projects]]
  branch = "master"
  digest = "1:02fe59517e10f9b400b500af8ac228c74cecb0cba7a5f438d8283edb97e14270"
  name = "go.uber.org/ratelimit"
  packages = [
    ".",
    "internal/clock",
  ]
  pruneopts = "NUT"
  revision = "c15da02342779cb6dc027fc95ee2277787698f36"

[[projects]]
  branch = "master"
  digest = "1:af471e1efb6318085c2c27ba0bcbf659feab5f7044388c0c0104f456831eb281"
  name = "golang.org/x/crypto"
  packages = [
    "ed25519",
    "ed25519/internal/edwards25519",
    "ocsp",
    "pbkdf2",
    "pkcs12",
    "pkcs12/internal/rc2",
    "ssh/terminal",
  ]
  pruneopts = "NUT"
  revision = "614d502a4dac94afa3a6ce146bd1736da82514c6"

[[projects]]
  branch = "master"
  digest = "1:34f748d79542b732d2e4fab7cc0aad8500673e716e2a665cc72836942377fac9"
  name = "golang.org/x/net"
  packages = [
    "bpf",
    "context",
    "context/ctxhttp",
    "http/httpguts",
    "http2",
    "http2/hpack",
    "idna",
    "internal/iana",
    "internal/socket",
    "internal/timeseries",
    "ipv4",
    "ipv6",
    "publicsuffix",
    "trace",
  ]
  pruneopts = "NUT"
  revision = "8a410e7b638dca158bf9e766925842f6651ff828"

[[projects]]
  branch = "master"
  digest = "1:b20a60bb1085d4c535af064faf3e74b4e185781b58bba1ad7406cd9733d82403"
  name = "golang.org/x/oauth2"
  packages = [
    ".",
    "clientcredentials",
    "google",
    "internal",
    "jws",
    "jwt",
  ]
  pruneopts = "NUT"
  revision = "d2e6202438beef2727060aa7cabdd924d92ebfd9"

[[projects]]
  branch = "master"
  digest = "1:382bb5a7fb4034db3b6a2d19e5a4a6bcf52f4750530603c01ca18a172fa3089b"
  name = "golang.org/x/sync"
  packages = ["semaphore"]
  pruneopts = "NUT"
  revision = "112230192c580c3556b8cee6403af37a4fc5f28c"

[[projects]]
  branch = "master"
  digest = "1:e1498a6884b2564efe2a4c4aefce64eb4bc6a4666acfd42db044cf581db4d9cb"
  name = "golang.org/x/sys"
  packages = [
    "unix",
    "windows",
  ]
  pruneopts = "NUT"
  revision = "d99a578cf41bfccdeaf48b0845c823a4b8b0ad5e"

[[projects]]
  digest = "1:e7071ed636b5422cc51c0e3a6cebc229d6c9fffc528814b519a980641422d619"
  name = "golang.org/x/text"
  packages = [
    "collate",
    "collate/build",
    "internal/colltab",
    "internal/gen",
    "internal/tag",
    "internal/triegen",
    "internal/ucd",
    "language",
    "secure/bidirule",
    "transform",
    "unicode/bidi",
    "unicode/cldr",
    "unicode/norm",
    "unicode/rangetable",
  ]
  pruneopts = "NUT"
  revision = "f21a4dfb5e38f5895301dc265a8def02365cc3d0"
  version = "v0.3.0"

[[projects]]
  branch = "master"
  digest = "1:c9e7a4b4d47c0ed205d257648b0e5b0440880cb728506e318f8ac7cd36270bc4"
  name = "golang.org/x/time"
  packages = ["rate"]
  pruneopts = "NUT"
  revision = "fbb02b2291d28baffd63558aa44b4b56f178d650"

[[projects]]
  branch = "master"
  digest = "1:867c0e5fbb22d5ae76c8255aa8f4ac3c27eede02d29baa804faa590d42ae44e6"
  name = "google.golang.org/api"
  packages = [
    "dns/v1",
    "gensupport",
    "googleapi",
    "googleapi/internal/uritemplates",
    "googleapi/transport",
    "internal",
    "option",
    "support/bundler",
    "transport/http",
    "transport/http/internal/propagation",
  ]
  pruneopts = "NUT"
  revision = "0cbcb99a9ea0c8023c794b2693cbe1def82ed4d7"

[[projects]]
  digest = "1:b5aeceb800276be69165a745328380c8a4b6f2edc7a6bac112e22c8596ed8a49"
  name = "google.golang.org/appengine"
  packages = [
    ".",
    "internal",
    "internal/app_identity",
    "internal/base",
    "internal/datastore",
    "internal/log",
    "internal/modules",
    "internal/remote_api",
    "internal/urlfetch",
    "urlfetch",
  ]
  pruneopts = "NUT"
  revision = "b1f26356af11148e710935ed1ac8a7f5702c7612"
  version = "v1.1.0"

[[projects]]
  branch = "master"
  digest = "1:5dc13cd8c0b417e12d187938d2ccb2348dda90f6d3d4a3d8402a40677a5ac982"
  name = "google.golang.org/genproto"
  packages = [
    "googleapis/api/httpbody",
    "googleapis/rpc/status",
    "protobuf/field_mask",
  ]
  pruneopts = "NUT"
  revision = "64821d5d210748c883cd2b809589555ae4654203"

[[projects]]
  digest = "1:f9fe1989f8278a0976fadf27490720c7708c056a11ab7a7ad3d282ff26f28e9a"
  name = "google.golang.org/grpc"
  packages = [
    ".",
    "balancer",
    "balancer/base",
    "balancer/roundrobin",
    "binarylog/grpc_binarylog_v1",
    "codes",
    "connectivity",
    "credentials",
    "credentials/internal",
    "encoding",
    "encoding/proto",
    "grpclog",
    "internal",
    "internal/backoff",
    "internal/binarylog",
    "internal/channelz",
    "internal/envconfig",
    "internal/grpcrand",
    "internal/grpcsync",
    "internal/syscall",
    "internal/transport",
    "keepalive",
    "metadata",
    "naming",
    "peer",
    "resolver",
    "resolver/dns",
    "resolver/passthrough",
    "stats",
    "status",
    "tap",
  ]
  pruneopts = "NUT"
  revision = "3507fb8e1a5ad030303c106fef3a47c9fdad16ad"
  version = "v1.19.1"

[[projects]]
  digest = "1:74d9b0a7b4107b41e0ade759fac64502876f82d29fb23d77b3dd24b194ee3dd5"
  name = "gopkg.in/ini.v1"
  packages = ["."]
  pruneopts = "NUT"
  revision = "5cf292cae48347c2490ac1a58fe36735fb78df7e"
  version = "v1.38.2"

[[projects]]
  branch = "v2"
  digest = "1:96d26da4d68299289c40ad10cd588648472fdc96ebbcdac82c04738363ee02fa"
  name = "gopkg.in/ns1/ns1-go.v2"
  packages = [
    "rest",
    "rest/model/account",
    "rest/model/data",
    "rest/model/dns",
    "rest/model/filter",
    "rest/model/monitor",
  ]
  pruneopts = "NUT"
  revision = "6c599e5e57901a8e58e1729f444de1edeb77bf97"

[[projects]]
  digest = "1:0942599d1f614d9ca4dfe052db1f60d4547b1b581206006be352f629a8b37d8d"
  name = "gopkg.in/resty.v1"
  packages = ["."]
  pruneopts = "NUT"
  revision = "fa5875c0caa5c260ab78acec5a244215a730247f"
  version = "v1.12.0"

[[projects]]
  digest = "1:a56dc1133e9c449d41d22ffabd6c2343cd25ab31c9cad0e74a144006810d1544"
  name = "gopkg.in/square/go-jose.v2"
  packages = [
    ".",
    "cipher",
    "json",
  ]
  pruneopts = "NUT"
  revision = "730df5f748271903322feb182be83b43ebbbe27d"
  version = "v2.3.1"

[solve-meta]
  analyzer-name = "dep"
  analyzer-version = 1
  input-imports = [
    "github.com/Azure/azure-sdk-for-go/services/dns/mgmt/2017-09-01/dns",
    "github.com/Azure/go-autorest/autorest",
    "github.com/Azure/go-autorest/autorest/adal",
    "github.com/Azure/go-autorest/autorest/azure",
    "github.com/Azure/go-autorest/autorest/azure/auth",
    "github.com/Azure/go-autorest/autorest/to",
    "github.com/BurntSushi/toml",
    "github.com/OpenDNS/vegadns2client",
    "github.com/akamai/AkamaiOPEN-edgegrid-golang/configdns-v1",
    "github.com/akamai/AkamaiOPEN-edgegrid-golang/edgegrid",
    "github.com/aliyun/alibaba-cloud-sdk-go/sdk",
    "github.com/aliyun/alibaba-cloud-sdk-go/sdk/auth/credentials",
    "github.com/aliyun/alibaba-cloud-sdk-go/sdk/requests",
    "github.com/aliyun/alibaba-cloud-sdk-go/services/alidns",
    "github.com/aws/aws-sdk-go/aws",
    "github.com/aws/aws-sdk-go/aws/client",
    "github.com/aws/aws-sdk-go/aws/credentials",
    "github.com/aws/aws-sdk-go/aws/request",
    "github.com/aws/aws-sdk-go/aws/session",
    "github.com/aws/aws-sdk-go/service/lightsail",
    "github.com/aws/aws-sdk-go/service/route53",
    "github.com/cenkalti/backoff",
    "github.com/cloudflare/cloudflare-go",
    "github.com/cpu/goacmedns",
    "github.com/decker502/dnspod-go",
    "github.com/dnsimple/dnsimple-go/dnsimple",
    "github.com/exoscale/egoscale",
    "github.com/gophercloud/gophercloud",
    "github.com/gophercloud/gophercloud/openstack",
    "github.com/gophercloud/gophercloud/openstack/dns/v2/recordsets",
    "github.com/gophercloud/gophercloud/openstack/dns/v2/zones",
    "github.com/iij/doapi",
    "github.com/iij/doapi/protocol",
    "github.com/labbsr0x/bindman-dns-webhook/src/client",
    "github.com/linode/linodego",
    "github.com/miekg/dns",
    "github.com/namedotcom/go/namecom",
    "github.com/nrdcg/auroradns",
    "github.com/nrdcg/goinwx",
    "github.com/nrdcg/namesilo",
    "github.com/oracle/oci-go-sdk/common",
    "github.com/oracle/oci-go-sdk/dns",
    "github.com/ovh/go-ovh/ovh",
    "github.com/rainycape/memcache",
    "github.com/sacloud/libsacloud/api",
    "github.com/sacloud/libsacloud/sacloud",
    "github.com/stretchr/testify/assert",
    "github.com/stretchr/testify/mock",
    "github.com/stretchr/testify/require",
    "github.com/stretchr/testify/suite",
    "github.com/timewasted/linode",
    "github.com/timewasted/linode/dns",
    "github.com/transip/gotransip",
    "github.com/transip/gotransip/domain",
    "github.com/urfave/cli",
    "github.com/vultr/govultr",
    "golang.org/x/crypto/ocsp",
    "golang.org/x/net/context",
    "golang.org/x/net/idna",
    "golang.org/x/net/publicsuffix",
    "golang.org/x/oauth2",
    "golang.org/x/oauth2/clientcredentials",
    "golang.org/x/oauth2/google",
    "google.golang.org/api/dns/v1",
    "google.golang.org/api/googleapi",
    "google.golang.org/api/option",
    "gopkg.in/ns1/ns1-go.v2/rest",
    "gopkg.in/ns1/ns1-go.v2/rest/model/dns",
    "gopkg.in/square/go-jose.v2",
  ]
  solver-name = "gps-cdcl"
  solver-version = 1
